// !$*UTF8*$!
{
	archiveVersion = 1;
	classes = {
	};
	objectVersion = 77;
	objects = {

/* Begin PBXBuildFile section */
		E9EBEDDC300D85F600D48AC9 /* WidgetKit.framework in Frameworks */ = {isa = PBXBuildFile; fileRef = E9EBEDDB300D85F600D48AC9 /* WidgetKit.framework */; };
		E9EBEDDE300D85F600D48AC9 /* SwiftUI.framework in Frameworks */ = {isa = PBXBuildFile; fileRef = E9EBEDDD300D85F600D48AC9 /* SwiftUI.framework */; };
		E9EBEDE9300D85F700D48AC9 /* WeightCoachWidgetExtension.appex in Embed Foundation Extensions */ = {isa = PBXBuildFile; fileRef = E9EBEDD9300D85F600D48AC9 /* WeightCoachWidgetExtension.appex */; settings = {ATTRIBUTES = (RemoveHeadersOnCopy, ); }; };
/* End PBXBuildFile section */

/* Begin PBXContainerItemProxy section */
		E9EBEDCE300D838F00D48AC9 /* PBXContainerItemProxy */ = {
			isa = PBXContainerItemProxy;
			containerPortal = 1A0000000000000000000006 /* Project object */;
			proxyType = 1;
			remoteGlobalIDString = 1A0000000000000000000005;
			remoteInfo = WeightCoach;
		};
		E9EBEDE7300D85F700D48AC9 /* PBXContainerItemProxy */ = {
			isa = PBXContainerItemProxy;
			containerPortal = 1A0000000000000000000006 /* Project object */;
			proxyType = 1;
			remoteGlobalIDString = E9EBEDD8300D85F600D48AC9;
			remoteInfo = WeightCoachWidgetExtension;
		};
/* End PBXContainerItemProxy section */

/* Begin PBXCopyFilesBuildPhase section */
		E9EBEDEE300D85F700D48AC9 /* Embed Foundation Extensions */ = {
			isa = PBXCopyFilesBuildPhase;
			buildActionMask = 2147483647;
			dstPath = "";
			dstSubfolderSpec = 13;
			files = (
				E9EBEDE9300D85F700D48AC9 /* WeightCoachWidgetExtension.appex in Embed Foundation Extensions */,
			);
			name = "Embed Foundation Extensions";
			runOnlyForDeploymentPostprocessing = 0;
		};
/* End PBXCopyFilesBuildPhase section */

/* Begin PBXFileReference section */
		1A0000000000000000000004 /* WeightCoach.app */ = {isa = PBXFileReference; explicitFileType = wrapper.application; includeInIndex = 0; path = WeightCoach.app; sourceTree = BUILT_PRODUCTS_DIR; };
		E9EBEDCA300D838F00D48AC9 /* WeightCoachTests.xctest */ = {isa = PBXFileReference; explicitFileType = wrapper.cfbundle; includeInIndex = 0; path = WeightCoachTests.xctest; sourceTree = BUILT_PRODUCTS_DIR; };
		E9EBEDD9300D85F600D48AC9 /* WeightCoachWidgetExtension.appex */ = {isa = PBXFileReference; explicitFileType = "wrapper.app-extension"; includeInIndex = 0; path = WeightCoachWidgetExtension.appex; sourceTree = BUILT_PRODUCTS_DIR; };
		E9EBEDDB300D85F600D48AC9 /* WidgetKit.framework */ = {isa = PBXFileReference; lastKnownFileType = wrapper.framework; name = WidgetKit.framework; path = System/Library/Frameworks/WidgetKit.framework; sourceTree = SDKROOT; };
		E9EBEDDD300D85F600D48AC9 /* SwiftUI.framework */ = {isa = PBXFileReference; lastKnownFileType = wrapper.framework; name = SwiftUI.framework; path = System/Library/Frameworks/SwiftUI.framework; sourceTree = SDKROOT; };
/* End PBXFileReference section */

/* Begin PBXFileSystemSynchronizedBuildFileExceptionSet section */
		E9EBEDEA300D85F700D48AC9 /* Exceptions for "WeightCoachWidget" folder in "WeightCoachWidgetExtension" target */ = {
			isa = PBXFileSystemSynchronizedBuildFileExceptionSet;
			membershipExceptions = (
				Info.plist,
			);
			target = E9EBEDD8300D85F600D48AC9 /* WeightCoachWidgetExtension */;
		};
/* End PBXFileSystemSynchronizedBuildFileExceptionSet section */

/* Begin PBXFileSystemSynchronizedRootGroup section */
		1A0000000000000000000002 /* WeightCoach */ = {
			isa = PBXFileSystemSynchronizedRootGroup;
			path = WeightCoach;
			sourceTree = "<group>";
		};
		E9EBEDCB300D838F00D48AC9 /* WeightCoachTests */ = {
			isa = PBXFileSystemSynchronizedRootGroup;
			path = WeightCoachTests;
			sourceTree = "<group>";
		};
		E9EBEDDF300D85F600D48AC9 /* WeightCoachWidget */ = {
			isa = PBXFileSystemSynchronizedRootGroup;
			exceptions = (
				E9EBEDEA300D85F700D48AC9 /* Exceptions for "WeightCoachWidget" folder in "WeightCoachWidgetExtension" target */,
			);
			path = WeightCoachWidget;
			sourceTree = "<group>";
		};
/* End PBXFileSystemSynchronizedRootGroup section */

/* Begin PBXFrameworksBuildPhase section */
		1A0000000000000000000008 /* Frameworks */ = {
			isa = PBXFrameworksBuildPhase;
			buildActionMask = 2147483647;
			files = (
			);
			runOnlyForDeploymentPostprocessing = 0;
		};
		E9EBEDC7300D838F00D48AC9 /* Frameworks */ = {
			isa = PBXFrameworksBuildPhase;
			buildActionMask = 2147483647;
			files = (
			);
			runOnlyForDeploymentPostprocessing = 0;
		};
		E9EBEDD6300D85F600D48AC9 /* Frameworks */ = {
			isa = PBXFrameworksBuildPhase;
			buildActionMask = 2147483647;
			files = (
				E9EBEDDE300D85F600D48AC9 /* SwiftUI.framework in Frameworks */,
				E9EBEDDC300D85F600D48AC9 /* WidgetKit.framework in Frameworks */,
			);
			runOnlyForDeploymentPostprocessing = 0;
		};
/* End PBXFrameworksBuildPhase section */

/* Begin PBXGroup section */
		1A0000000000000000000001 = {
			isa = PBXGroup;
			children = (
				1A0000000000000000000002 /* WeightCoach */,
				E9EBEDCB300D838F00D48AC9 /* WeightCoachTests */,
				E9EBEDDF300D85F600D48AC9 /* WeightCoachWidget */,
				E9EBEDDA300D85F600D48AC9 /* Frameworks */,
				1A0000000000000000000003 /* Products */,
			);
			sourceTree = "<group>";
		};
		1A0000000000000000000003 /* Products */ = {
			isa = PBXGroup;
			children = (
				1A0000000000000000000004 /* WeightCoach.app */,
				E9EBEDCA300D838F00D48AC9 /* WeightCoachTests.xctest */,
				E9EBEDD9300D85F600D48AC9 /* WeightCoachWidgetExtension.appex */,
			);
			name = Products;
			sourceTree = "<group>";
		};
		E9EBEDDA300D85F600D48AC9 /* Frameworks */ = {
			isa = PBXGroup;
			children = (
				E9EBEDDB300D85F600D48AC9 /* WidgetKit.framework */,
				E9EBEDDD300D85F600D48AC9 /* SwiftUI.framework */,
			);
			name = Frameworks;
			sourceTree = "<group>";
		};
/* End PBXGroup section */

/* Begin PBXNativeTarget section */
		1A0000000000000000000005 /* WeightCoach */ = {
			isa = PBXNativeTarget;
			buildConfigurationList = 1A000000000000000000000B /* Build configuration list for PBXNativeTarget "WeightCoach" */;
			buildPhases = (
				1A0000000000000000000007 /* Sources */,
				1A0000000000000000000008 /* Frameworks */,
				1A0000000000000000000009 /* Resources */,
				E9EBEDEE300D85F700D48AC9 /* Embed Foundation Extensions */,
			);
			buildRules = (
			);
			dependencies = (
				E9EBEDE8300D85F700D48AC9 /* PBXTargetDependency */,
			);
			fileSystemSynchronizedGroups = (
				1A0000000000000000000002 /* WeightCoach */,
			);
			name = WeightCoach;
			packageProductDependencies = (
			);
			productName = WeightCoach;
			productReference = 1A0000000000000000000004 /* WeightCoach.app */;
			productType = "com.apple.product-type.application";
		};
		E9EBEDC9300D838F00D48AC9 /* WeightCoachTests */ = {
			isa = PBXNativeTarget;
			buildConfigurationList = E9EBEDD2300D838F00D48AC9 /* Build configuration list for PBXNativeTarget "WeightCoachTests" */;
			buildPhases = (
				E9EBEDC6300D838F00D48AC9 /* Sources */,
				E9EBEDC7300D838F00D48AC9 /* Frameworks */,
				E9EBEDC8300D838F00D48AC9 /* Resources */,
			);
			buildRules = (
			);
			dependencies = (
				E9EBEDCF300D838F00D48AC9 /* PBXTargetDependency */,
			);
			fileSystemSynchronizedGroups = (
				E9EBEDCB300D838F00D48AC9 /* WeightCoachTests */,
			);
			name = WeightCoachTests;
			packageProductDependencies = (
			);
			productName = WeightCoachTests;
			productReference = E9EBEDCA300D838F00D48AC9 /* WeightCoachTests.xctest */;
			productType = "com.apple.product-type.bundle.unit-test";
		};
		E9EBEDD8300D85F600D48AC9 /* WeightCoachWidgetExtension */ = {
			isa = PBXNativeTarget;
			buildConfigurationList = E9EBEDEB300D85F700D48AC9 /* Build configuration list for PBXNativeTarget "WeightCoachWidgetExtension" */;
			buildPhases = (
				E9EBEDD5300D85F600D48AC9 /* Sources */,
				E9EBEDD6300D85F600D48AC9 /* Frameworks */,
				E9EBEDD7300D85F600D48AC9 /* Resources */,
			);
			buildRules = (
			);
			dependencies = (
			);
			fileSystemSynchronizedGroups = (
				E9EBEDDF300D85F600D48AC9 /* WeightCoachWidget */,
			);
			name = WeightCoachWidgetExtension;
			packageProductDependencies = (
			);
			productName = WeightCoachWidgetExtension;
			productReference = E9EBEDD9300D85F600D48AC9 /* WeightCoachWidgetExtension.appex */;
			productType = "com.apple.product-type.app-extension";
		};
/* End PBXNativeTarget section */

/* Begin PBXProject section */
		1A0000000000000000000006 /* Project object */ = {
			isa = PBXProject;
			attributes = {
				BuildIndependentTargetsInParallel = 1;
				LastSwiftUpdateCheck = 2700;
				LastUpgradeCheck = 1600;
				TargetAttributes = {
					1A0000000000000000000005 = {
						CreatedOnToolsVersion = 16.0;
					};
					E9EBEDC9300D838F00D48AC9 = {
						CreatedOnToolsVersion = 27.0;
						TestTargetID = 1A0000000000000000000005;
					};
					E9EBEDD8300D85F600D48AC9 = {
						CreatedOnToolsVersion = 27.0;
					};
				};
			};
			buildConfigurationList = 1A000000000000000000000A /* Build configuration list for PBXProject "WeightCoach" */;
			developmentRegion = en;
			hasScannedForEncodings = 0;
			knownRegions = (
				en,
				Base,
			);
			mainGroup = 1A0000000000000000000001;
			minimizedProjectReferenceProxies = 1;
			preferredProjectObjectVersion = 77;
			productRefGroup = 1A0000000000000000000003 /* Products */;
			projectDirPath = "";
			projectRoot = "";
			targets = (
				1A0000000000000000000005 /* WeightCoach */,
				E9EBEDC9300D838F00D48AC9 /* WeightCoachTests */,
				E9EBEDD8300D85F600D48AC9 /* WeightCoachWidgetExtension */,
			);
		};
/* End PBXProject section */

/* Begin PBXResourcesBuildPhase section */
		1A0000000000000000000009 /* Resources */ = {
			isa = PBXResourcesBuildPhase;
			buildActionMask = 2147483647;
			files = (
			);
			runOnlyForDeploymentPostprocessing = 0;
		};
		E9EBEDC8300D838F00D48AC9 /* Resources */ = {
			isa = PBXResourcesBuildPhase;
			buildActionMask = 2147483647;
			files = (
			);
			runOnlyForDeploymentPostprocessing = 0;
		};
		E9EBEDD7300D85F600D48AC9 /* Resources */ = {
			isa = PBXResourcesBuildPhase;
			buildActionMask = 2147483647;
			files = (
			);
			runOnlyForDeploymentPostprocessing = 0;
		};
/* End PBXResourcesBuildPhase section */

/* Begin PBXSourcesBuildPhase section */
		1A0000000000000000000007 /* Sources */ = {
			isa = PBXSourcesBuildPhase;
			buildActionMask = 2147483647;
			files = (
			);
			runOnlyForDeploymentPostprocessing = 0;
		};
		E9EBEDC6300D838F00D48AC9 /* Sources */ = {
			isa = PBXSourcesBuildPhase;
			buildActionMask = 2147483647;
			files = (
			);
			runOnlyForDeploymentPostprocessing = 0;
		};
		E9EBEDD5300D85F600D48AC9 /* Sources */ = {
			isa = PBXSourcesBuildPhase;
			buildActionMask = 2147483647;
			files = (
			);
			runOnlyForDeploymentPostprocessing = 0;
		};
/* End PBXSourcesBuildPhase section */

/* Begin PBXTargetDependency section */
		E9EBEDCF300D838F00D48AC9 /* PBXTargetDependency */ = {
			isa = PBXTargetDependency;
			target = 1A0000000000000000000005 /* WeightCoach */;
			targetProxy = E9EBEDCE300D838F00D48AC9 /* PBXContainerItemProxy */;
		};
		E9EBEDE8300D85F700D48AC9 /* PBXTargetDependency */ = {
			isa = PBXTargetDependency;
			target = E9EBEDD8300D85F600D48AC9 /* WeightCoachWidgetExtension */;
			targetProxy = E9EBEDE7300D85F700D48AC9 /* PBXContainerItemProxy */;
		};
/* End PBXTargetDependency section */

/* Begin XCBuildConfiguration section */
		1A000000000000000000000C /* Debug */ = {
			isa = XCBuildConfiguration;
			buildSettings = {
				ALWAYS_SEARCH_USER_PATHS = NO;
				ASSETCATALOG_COMPILER_GENERATE_SWIFT_ASSET_SYMBOL_EXTENSIONS = YES;
				CLANG_ANALYZER_NONNULL = YES;
				CLANG_ANALYZER_NUMBER_OBJECT_CONVERSION = YES_AGGRESSIVE;
				CLANG_CXX_LANGUAGE_STANDARD = "gnu++20";
				CLANG_ENABLE_MODULES = YES;
				CLANG_ENABLE_OBJC_ARC = YES;
				CLANG_ENABLE_OBJC_WEAK = YES;
				CLANG_WARN_BLOCK_CAPTURE_AUTORELEASING = YES;
				CLANG_WARN_BOOL_CONVERSION = YES;
				CLANG_WARN_COMMA = YES;
				CLANG_WARN_CONSTANT_CONVERSION = YES;
				CLANG_WARN_DEPRECATED_OBJC_IMPLEMENTATIONS = YES;
				CLANG_WARN_DIRECT_OBJC_ISA_USAGE = YES_ERROR;
				CLANG_WARN_DOCUMENTATION_COMMENTS = YES;
				CLANG_WARN_EMPTY_BODY = YES;
				CLANG_WARN_ENUM_CONVERSION = YES;
				CLANG_WARN_INFINITE_RECURSION = YES;
				CLANG_WARN_INT_CONVERSION = YES;
				CLANG_WARN_NON_LITERAL_NULL_CONVERSION = YES;
				CLANG_WARN_OBJC_IMPLICIT_RETAIN_SELF = YES;
				CLANG_WARN_OBJC_LITERAL_CONVERSION = YES;
				CLANG_WARN_OBJC_ROOT_CLASS = YES_ERROR;
				CLANG_WARN_QUOTED_INCLUDE_IN_FRAMEWORK_HEADER = YES;
				CLANG_WARN_RANGE_LOOP_ANALYSIS = YES;
				CLANG_WARN_STRICT_PROTOTYPES = YES;
				CLANG_WARN_SUSPICIOUS_MOVE = YES;
				CLANG_WARN_UNGUARDED_AVAILABILITY = YES_AGGRESSIVE;
				CLANG_WARN_UNREACHABLE_CODE = YES;
				CLANG_WARN__DUPLICATE_METHOD_MATCH = YES;
				COPY_PHASE_STRIP = NO;
				DEBUG_INFORMATION_FORMAT = dwarf;
				ENABLE_STRICT_OBJC_MSGSEND = YES;
				ENABLE_TESTABILITY = YES;
				ENABLE_USER_SCRIPT_SANDBOXING = YES;
				GCC_C_LANGUAGE_STANDARD = gnu17;
				GCC_DYNAMIC_NO_PIC = NO;
				GCC_NO_COMMON_BLOCKS = YES;
				GCC_OPTIMIZATION_LEVEL = 0;
				GCC_PREPROCESSOR_DEFINITIONS = (
					"DEBUG=1",
					"$(inherited)",
				);
				GCC_WARN_64_TO_32_BIT_CONVERSION = YES;
				GCC_WARN_ABOUT_RETURN_TYPE = YES_ERROR;
				GCC_WARN_UNDECLARED_SELECTOR = YES;
				GCC_WARN_UNINITIALIZED_AUTOS = YES_AGGRESSIVE;
				GCC_WARN_UNUSED_FUNCTION = YES;
				GCC_WARN_UNUSED_VARIABLE = YES;
				IPHONEOS_DEPLOYMENT_TARGET = 17.0;
				LOCALIZATION_PREFERS_STRING_CATALOGS = YES;
				MTL_ENABLE_DEBUG_INFO = INCLUDE_SOURCE;
				MTL_FAST_MATH = YES;
				ONLY_ACTIVE_ARCH = YES;
				SDKROOT = iphoneos;
				SWIFT_ACTIVE_COMPILATION_CONDITIONS = "DEBUG $(inherited)";
				SWIFT_OPTIMIZATION_LEVEL = "-Onone";
			};
			name = Debug;
		};
		1A000000000000000000000D /* Release */ = {
			isa = XCBuildConfiguration;
			buildSettings = {
				ALWAYS_SEARCH_USER_PATHS = NO;
				ASSETCATALOG_COMPILER_GENERATE_SWIFT_ASSET_SYMBOL_EXTENSIONS = YES;
				CLANG_ANALYZER_NONNULL = YES;
				CLANG_ANALYZER_NUMBER_OBJECT_CONVERSION = YES_AGGRESSIVE;
				CLANG_CXX_LANGUAGE_STANDARD = "gnu++20";
				CLANG_ENABLE_MODULES = YES;
				CLANG_ENABLE_OBJC_ARC = YES;
				CLANG_ENABLE_OBJC_WEAK = YES;
				CLANG_WARN_BLOCK_CAPTURE_AUTORELEASING = YES;
				CLANG_WARN_BOOL_CONVERSION = YES;
				CLANG_WARN_COMMA = YES;
				CLANG_WARN_CONSTANT_CONVERSION = YES;
				CLANG_WARN_DEPRECATED_OBJC_IMPLEMENTATIONS = YES;
				CLANG_WARN_DIRECT_OBJC_ISA_USAGE = YES_ERROR;
				CLANG_WARN_DOCUMENTATION_COMMENTS = YES;
				CLANG_WARN_EMPTY_BODY = YES;
				CLANG_WARN_ENUM_CONVERSION = YES;
				CLANG_WARN_INFINITE_RECURSION = YES;
				CLANG_WARN_INT_CONVERSION = YES;
				CLANG_WARN_NON_LITERAL_NULL_CONVERSION = YES;
				CLANG_WARN_OBJC_IMPLICIT_RETAIN_SELF = YES;
				CLANG_WARN_OBJC_LITERAL_CONVERSION = YES;
				CLANG_WARN_OBJC_ROOT_CLASS = YES_ERROR;
				CLANG_WARN_QUOTED_INCLUDE_IN_FRAMEWORK_HEADER = YES;
				CLANG_WARN_RANGE_LOOP_ANALYSIS = YES;
				CLANG_WARN_STRICT_PROTOTYPES = YES;
				CLANG_WARN_SUSPICIOUS_MOVE = YES;
				CLANG_WARN_UNGUARDED_AVAILABILITY = YES_AGGRESSIVE;
				CLANG_WARN_UNREACHABLE_CODE = YES;
				CLANG_WARN__DUPLICATE_METHOD_MATCH = YES;
				COPY_PHASE_STRIP = NO;
				DEBUG_INFORMATION_FORMAT = "dwarf-with-dsym";
				ENABLE_NS_ASSERTIONS = NO;
				ENABLE_STRICT_OBJC_MSGSEND = YES;
				ENABLE_USER_SCRIPT_SANDBOXING = YES;
				GCC_C_LANGUAGE_STANDARD = gnu17;
				GCC_NO_COMMON_BLOCKS = YES;
				GCC_WARN_64_TO_32_BIT_CONVERSION = YES;
				GCC_WARN_ABOUT_RETURN_TYPE = YES_ERROR;
				GCC_WARN_UNDECLARED_SELECTOR = YES;
				GCC_WARN_UNINITIALIZED_AUTOS = YES_AGGRESSIVE;
				GCC_WARN_UNUSED_FUNCTION = YES;
				GCC_WARN_UNUSED_VARIABLE = YES;
				IPHONEOS_DEPLOYMENT_TARGET = 17.0;
				LOCALIZATION_PREFERS_STRING_CATALOGS = YES;
				MTL_ENABLE_DEBUG_INFO = NO;
				MTL_FAST_MATH = YES;
				SDKROOT = iphoneos;
				SWIFT_COMPILATION_MODE = wholemodule;
			};
			name = Release;
		};
		1A000000000000000000000E /* Debug */ = {
			isa = XCBuildConfiguration;
			buildSettings = {
				ASSETCATALOG_COMPILER_APPICON_NAME = AppIcon;
				ASSETCATALOG_COMPILER_GLOBAL_ACCENT_COLOR_NAME = AccentColor;
				CODE_SIGN_ENTITLEMENTS = WeightCoach.entitlements;
				CODE_SIGN_STYLE = Automatic;
				CURRENT_PROJECT_VERSION = 1;
				DEVELOPMENT_TEAM = "";
				ENABLE_PREVIEWS = YES;
				GENERATE_INFOPLIST_FILE = YES;
				INFOPLIST_KEY_CFBundleDisplayName = "减重助手";
				INFOPLIST_KEY_NSCameraUsageDescription = "需要使用相机拍摄食物照片进行 AI 识别，以及扫描商品条形码。";
				INFOPLIST_KEY_NSHealthShareUsageDescription = "需要读取您的体重、体脂率、身高、活动能量等健康数据，用于计算每日热量消耗和减重进度。";
				INFOPLIST_KEY_NSHealthUpdateUsageDescription = "需要将您记录的体重、体脂率和饮食摄入写入 Apple 健康。";
				INFOPLIST_KEY_NSPhotoLibraryUsageDescription = "需要访问相册选择食物照片进行 AI 识别。";
				INFOPLIST_KEY_UIApplicationSceneManifest_Generation = YES;
				INFOPLIST_KEY_UIApplicationSupportsIndirectInputEvents = YES;
				INFOPLIST_KEY_UILaunchScreen_Generation = YES;
				INFOPLIST_KEY_UISupportedInterfaceOrientations_iPad = "UIInterfaceOrientationPortrait UIInterfaceOrientationPortraitUpsideDown UIInterfaceOrientationLandscapeLeft UIInterfaceOrientationLandscapeRight";
				INFOPLIST_KEY_UISupportedInterfaceOrientations_iPhone = UIInterfaceOrientationPortrait;
				IPHONEOS_DEPLOYMENT_TARGET = 17.0;
				LD_RUNPATH_SEARCH_PATHS = (
					"$(inherited)",
					"@executable_path/Frameworks",
				);
				MARKETING_VERSION = 1.0;
				PRODUCT_BUNDLE_IDENTIFIER = com.lukegogogo.WeightCoach;
				PRODUCT_NAME = "$(TARGET_NAME)";
				SUPPORTED_PLATFORMS = "iphoneos iphonesimulator";
				SUPPORTS_MACCATALYST = NO;
				SWIFT_EMIT_LOC_STRINGS = YES;
				SWIFT_VERSION = 5.0;
				TARGETED_DEVICE_FAMILY = "1,2";
			};
			name = Debug;
		};
		1A000000000000000000000F /* Release */ = {
			isa = XCBuildConfiguration;
			buildSettings = {
				ASSETCATALOG_COMPILER_APPICON_NAME = AppIcon;
				ASSETCATALOG_COMPILER_GLOBAL_ACCENT_COLOR_NAME = AccentColor;
				CODE_SIGN_ENTITLEMENTS = WeightCoach.entitlements;
				CODE_SIGN_STYLE = Automatic;
				CURRENT_PROJECT_VERSION = 1;
				DEVELOPMENT_TEAM = "";
				ENABLE_PREVIEWS = YES;
				GENERATE_INFOPLIST_FILE = YES;
				INFOPLIST_KEY_CFBundleDisplayName = "减重助手";
				INFOPLIST_KEY_NSCameraUsageDescription = "需要使用相机拍摄食物照片进行 AI 识别，以及扫描商品条形码。";
				INFOPLIST_KEY_NSHealthShareUsageDescription = "需要读取您的体重、体脂率、身高、活动能量等健康数据，用于计算每日热量消耗和减重进度。";
				INFOPLIST_KEY_NSHealthUpdateUsageDescription = "需要将您记录的体重、体脂率和饮食摄入写入 Apple 健康。";
				INFOPLIST_KEY_NSPhotoLibraryUsageDescription = "需要访问相册选择食物照片进行 AI 识别。";
				INFOPLIST_KEY_UIApplicationSceneManifest_Generation = YES;
				INFOPLIST_KEY_UIApplicationSupportsIndirectInputEvents = YES;
				INFOPLIST_KEY_UILaunchScreen_Generation = YES;
				INFOPLIST_KEY_UISupportedInterfaceOrientations_iPad = "UIInterfaceOrientationPortrait UIInterfaceOrientationPortraitUpsideDown UIInterfaceOrientationLandscapeLeft UIInterfaceOrientationLandscapeRight";
				INFOPLIST_KEY_UISupportedInterfaceOrientations_iPhone = UIInterfaceOrientationPortrait;
				IPHONEOS_DEPLOYMENT_TARGET = 17.0;
				LD_RUNPATH_SEARCH_PATHS = (
					"$(inherited)",
					"@executable_path/Frameworks",
				);
				MARKETING_VERSION = 1.0;
				PRODUCT_BUNDLE_IDENTIFIER = com.lukegogogo.WeightCoach;
				PRODUCT_NAME = "$(TARGET_NAME)";
				SUPPORTED_PLATFORMS = "iphoneos iphonesimulator";
				SUPPORTS_MACCATALYST = NO;
				SWIFT_EMIT_LOC_STRINGS = YES;
				SWIFT_VERSION = 5.0;
				TARGETED_DEVICE_FAMILY = "1,2";
			};
			name = Release;
		};
		E9EBEDD0300D838F00D48AC9 /* Debug */ = {
			isa = XCBuildConfiguration;
			buildSettings = {
				BUNDLE_LOADER = "$(TEST_HOST)";
				CODE_SIGN_STYLE = Automatic;
				CURRENT_PROJECT_VERSION = 1;
				GENERATE_INFOPLIST_FILE = YES;
				IPHONEOS_DEPLOYMENT_TARGET = 17.0;
				MARKETING_VERSION = 1.0;
				PRODUCT_BUNDLE_IDENTIFIER = com.lukegogogo.WeightCoachTests;
				PRODUCT_NAME = "$(TARGET_NAME)";
				STRING_CATALOG_GENERATE_SYMBOLS = NO;
				SWIFT_APPROACHABLE_CONCURRENCY = YES;
				SWIFT_EMIT_LOC_STRINGS = NO;
				SWIFT_UPCOMING_FEATURE_MEMBER_IMPORT_VISIBILITY = YES;
				SWIFT_VERSION = 5.0;
				TARGETED_DEVICE_FAMILY = "1,2";
				TEST_HOST = "$(BUILT_PRODUCTS_DIR)/WeightCoach.app/$(BUNDLE_EXECUTABLE_FOLDER_PATH)/WeightCoach";
			};
			name = Debug;
		};
		E9EBEDD1300D838F00D48AC9 /* Release */ = {
			isa = XCBuildConfiguration;
			buildSettings = {
				BUNDLE_LOADER = "$(TEST_HOST)";
				CODE_SIGN_STYLE = Automatic;
				CURRENT_PROJECT_VERSION = 1;
				GENERATE_INFOPLIST_FILE = YES;
				IPHONEOS_DEPLOYMENT_TARGET = 17.0;
				MARKETING_VERSION = 1.0;
				PRODUCT_BUNDLE_IDENTIFIER = com.lukegogogo.WeightCoachTests;
				PRODUCT_NAME = "$(TARGET_NAME)";
				STRING_CATALOG_GENERATE_SYMBOLS = NO;
				SWIFT_APPROACHABLE_CONCURRENCY = YES;
				SWIFT_EMIT_LOC_STRINGS = NO;
				SWIFT_UPCOMING_FEATURE_MEMBER_IMPORT_VISIBILITY = YES;
				SWIFT_VERSION = 5.0;
				TARGETED_DEVICE_FAMILY = "1,2";
				TEST_HOST = "$(BUILT_PRODUCTS_DIR)/WeightCoach.app/$(BUNDLE_EXECUTABLE_FOLDER_PATH)/WeightCoach";
				VALIDATE_PRODUCT = YES;
			};
			name = Release;
		};
		E9EBEDEC300D85F700D48AC9 /* Debug */ = {
			isa = XCBuildConfiguration;
			buildSettings = {
				ASSETCATALOG_COMPILER_GLOBAL_ACCENT_COLOR_NAME = AccentColor;
				ASSETCATALOG_COMPILER_WIDGET_BACKGROUND_COLOR_NAME = WidgetBackground;
				CODE_SIGN_ENTITLEMENTS = WeightCoachWidgetExtension.entitlements;
				CODE_SIGN_STYLE = Automatic;
				CURRENT_PROJECT_VERSION = 1;
				DEVELOPMENT_TEAM = "";
				GENERATE_INFOPLIST_FILE = YES;
				INFOPLIST_FILE = WeightCoachWidget/Info.plist;
				INFOPLIST_KEY_CFBundleDisplayName = "减重助手";
				INFOPLIST_KEY_NSHumanReadableCopyright = "";
				IPHONEOS_DEPLOYMENT_TARGET = 17.0;
				LD_RUNPATH_SEARCH_PATHS = (
					"$(inherited)",
					"@executable_path/Frameworks",
					"@executable_path/../../Frameworks",
				);
				MARKETING_VERSION = 1.0;
				PRODUCT_BUNDLE_IDENTIFIER = com.lukegogogo.WeightCoach.WeightCoachWidget;
				PRODUCT_NAME = "$(TARGET_NAME)";
				SKIP_INSTALL = YES;
				STRING_CATALOG_GENERATE_SYMBOLS = YES;
				SWIFT_APPROACHABLE_CONCURRENCY = YES;
				SWIFT_EMIT_LOC_STRINGS = YES;
				SWIFT_UPCOMING_FEATURE_MEMBER_IMPORT_VISIBILITY = YES;
				SWIFT_VERSION = 5.0;
				TARGETED_DEVICE_FAMILY = "1,2";
			};
			name = Debug;
		};
		E9EBEDED300D85F700D48AC9 /* Release */ = {
			isa = XCBuildConfiguration;
			buildSettings = {
				ASSETCATALOG_COMPILER_GLOBAL_ACCENT_COLOR_NAME = AccentColor;
				ASSETCATALOG_COMPILER_WIDGET_BACKGROUND_COLOR_NAME = WidgetBackground;
				CODE_SIGN_ENTITLEMENTS = WeightCoachWidgetExtension.entitlements;
				CODE_SIGN_STYLE = Automatic;
				CURRENT_PROJECT_VERSION = 1;
				DEVELOPMENT_TEAM = "";
				GENERATE_INFOPLIST_FILE = YES;
				INFOPLIST_FILE = WeightCoachWidget/Info.plist;
				INFOPLIST_KEY_CFBundleDisplayName = "减重助手";
				INFOPLIST_KEY_NSHumanReadableCopyright = "";
				IPHONEOS_DEPLOYMENT_TARGET = 17.0;
				LD_RUNPATH_SEARCH_PATHS = (
					"$(inherited)",
					"@executable_path/Frameworks",
					"@executable_path/../../Frameworks",
				);
				MARKETING_VERSION = 1.0;
				PRODUCT_BUNDLE_IDENTIFIER = com.lukegogogo.WeightCoach.WeightCoachWidget;
				PRODUCT_NAME = "$(TARGET_NAME)";
				SKIP_INSTALL = YES;
				STRING_CATALOG_GENERATE_SYMBOLS = YES;
				SWIFT_APPROACHABLE_CONCURRENCY = YES;
				SWIFT_EMIT_LOC_STRINGS = YES;
				SWIFT_UPCOMING_FEATURE_MEMBER_IMPORT_VISIBILITY = YES;
				SWIFT_VERSION = 5.0;
				TARGETED_DEVICE_FAMILY = "1,2";
				VALIDATE_PRODUCT = YES;
			};
			name = Release;
		};
/* End XCBuildConfiguration section */

/* Begin XCConfigurationList section */
		1A000000000000000000000A /* Build configuration list for PBXProject "WeightCoach" */ = {
			isa = XCConfigurationList;
			buildConfigurations = (
				1A000000000000000000000C /* Debug */,
				1A000000000000000000000D /* Release */,
			);
			defaultConfigurationIsVisible = 0;
			defaultConfigurationName = Release;
		};
		1A000000000000000000000B /* Build configuration list for PBXNativeTarget "WeightCoach" */ = {
			isa = XCConfigurationList;
			buildConfigurations = (
				1A000000000000000000000E /* Debug */,
				1A000000000000000000000F /* Release */,
			);
			defaultConfigurationIsVisible = 0;
			defaultConfigurationName = Release;
		};
		E9EBEDD2300D838F00D48AC9 /* Build configuration list for PBXNativeTarget "WeightCoachTests" */ = {
			isa = XCConfigurationList;
			buildConfigurations = (
				E9EBEDD0300D838F00D48AC9 /* Debug */,
				E9EBEDD1300D838F00D48AC9 /* Release */,
			);
			defaultConfigurationIsVisible = 0;
			defaultConfigurationName = Release;
		};
		E9EBEDEB300D85F700D48AC9 /* Build configuration list for PBXNativeTarget "WeightCoachWidgetExtension" */ = {
			isa = XCConfigurationList;
			buildConfigurations = (
				E9EBEDEC300D85F700D48AC9 /* Debug */,
				E9EBEDED300D85F700D48AC9 /* Release */,
			);
			defaultConfigurationIsVisible = 0;
			defaultConfigurationName = Release;
		};
/* End XCConfigurationList section */
	};
	rootObject = 1A0000000000000000000006 /* Project object */;
}
